// !$*UTF8*$!
{
	archiveVersion = 1;
	classes = {
	};
	objectVersion = 55;
	objects = {

/* Begin PBXBuildFile section */
		9417D4FC27CEEC96005B0EC7 /* SplashApp.swift in Sources */ = {isa = PBXBuildFile; fileRef = 9417D4FB27CEEC96005B0EC7 /* SplashApp.swift */; };
		9417D4FE27CEEC96005B0EC7 /* ContentView.swift in Sources */ = {isa = PBXBuildFile; fileRef = 9417D4FD27CEEC96005B0EC7 /* ContentView.swift */; };
		9417D50027CEEC98005B0EC7 /* Assets.xcassets in Resources */ = {isa = PBXBuildFile; fileRef = 9417D4FF27CEEC98005B0EC7 /* Assets.xcassets */; };
		9417D50327CEEC98005B0EC7 /* Preview Assets.xcassets in Resources */ = {isa = PBXBuildFile; fileRef = 9417D50227CEEC98005B0EC7 /* Preview Assets.xcassets */; };
		9417D50A27CF14B4005B0EC7 /* RouteDetailView.swift in Sources */ = {isa = PBXBuildFile; fileRef = 9417D50927CF14B4005B0EC7 /* RouteDetailView.swift */; };
		9417D50D27CF14CA005B0EC7 /* Model.xcdatamodeld in Sources */ = {isa = PBXBuildFile; fileRef = 9417D50B27CF14CA005B0EC7 /* Model.xcdatamodeld */; };
		94B373D827CFF8F3006BAFCB /* RoutesListView.swift in Sources */ = {isa = PBXBuildFile; fileRef = 94B373D727CFF8F3006BAFCB /* RoutesListView.swift */; };
		94B373DA27CFFA6D006BAFCB /* RouteEditView.swift in Sources */ = {isa = PBXBuildFile; fileRef = 94B373D927CFFA6D006BAFCB /* RouteEditView.swift */; };
		94B373E327CFFCC6006BAFCB /* Location+CoreDataClass.swift in Sources */ = {isa = PBXBuildFile; fileRef = 94B373DD27CFFCC6006BAFCB /* Location+CoreDataClass.swift */; };
		94B373E427CFFCC6006BAFCB /* Location+CoreDataProperties.swift in Sources */ = {isa = PBXBuildFile; fileRef = 94B373DE27CFFCC6006BAFCB /* Location+CoreDataProperties.swift */; };
		94B373E527CFFCC6006BAFCB /* Route+CoreDataClass.swift in Sources */ = {isa = PBXBuildFile; fileRef = 94B373DF27CFFCC6006BAFCB /* Route+CoreDataClass.swift */; };
		94B373E627CFFCC6006BAFCB /* Route+CoreDataProperties.swift in Sources */ = {isa = PBXBuildFile; fileRef = 94B373E027CFFCC6006BAFCB /* Route+CoreDataProperties.swift */; };
		94B373E927D01620006BAFCB /* DataController.swift in Sources */ = {isa = PBXBuildFile; fileRef = 94B373E827D01620006BAFCB /* DataController.swift */; };
		94B373EB27D01AA6006BAFCB /* AutocompleteView.swift in Sources */ = {isa = PBXBuildFile; fileRef = 94B373EA27D01AA6006BAFCB /* AutocompleteView.swift */; };
		94B373ED27D01AC9006BAFCB /* SearchResultsViewModel.swift in Sources */ = {isa = PBXBuildFile; fileRef = 94B373EC27D01AC9006BAFCB /* SearchResultsViewModel.swift */; };
		94B373EF27D01AEA006BAFCB /* LocationViewModel.swift in Sources */ = {isa = PBXBuildFile; fileRef = 94B373EE27D01AEA006BAFCB /* LocationViewModel.swift */; };
		94B373F127D02708006BAFCB /* LocationSearchResultView.swift in Sources */ = {isa = PBXBuildFile; fileRef = 94B373F027D02708006BAFCB /* LocationSearchResultView.swift */; };
		94B373F327D02756006BAFCB /* LocationManager.swift in Sources */ = {isa = PBXBuildFile; fileRef = 94B373F227D02756006BAFCB /* LocationManager.swift */; };
		94B373F527D0495A006BAFCB /* MapView.swift in Sources */ = {isa = PBXBuildFile; fileRef = 94B373F427D0495A006BAFCB /* MapView.swift */; };
		94B373F827D0A174006BAFCB /* FriendsRouteView.swift in Sources */ = {isa = PBXBuildFile; fileRef = 94B373F727D0A174006BAFCB /* FriendsRouteView.swift */; };
		94B373FA27D0A55D006BAFCB /* RouteCompareView.swift in Sources */ = {isa = PBXBuildFile; fileRef = 94B373F927D0A55D006BAFCB /* RouteCompareView.swift */; };
		94B373FC27D0B3A5006BAFCB /* GoogleService-Info.plist in Resources */ = {isa = PBXBuildFile; fileRef = 94B373FB27D0B3A5006BAFCB /* GoogleService-Info.plist */; };
		94B3740527D0B508006BAFCB /* ViewRouter.swift in Sources */ = {isa = PBXBuildFile; fileRef = 94B3740427D0B508006BAFCB /* ViewRouter.swift */; };
		94B3740C27D0BB08006BAFCB /* FBLoginView.swift in Sources */ = {isa = PBXBuildFile; fileRef = 94B3740B27D0BB08006BAFCB /* FBLoginView.swift */; };
		94B3740F27D13877006BAFCB /* FacebookLogin in Frameworks */ = {isa = PBXBuildFile; productRef = 94B3740E27D13877006BAFCB /* FacebookLogin */; };
		94B3741227D13936006BAFCB /* FirebaseAuth in Frameworks */ = {isa = PBXBuildFile; productRef = 94B3741127D13936006BAFCB /* FirebaseAuth */; };
		94B3741627D13FD8006BAFCB /* AppDelegate.swift in Sources */ = {isa = PBXBuildFile; fileRef = 94B3741527D13FD8006BAFCB /* AppDelegate.swift */; };
		94B3741827D1426F006BAFCB /* SceneDelegate.swift in Sources */ = {isa = PBXBuildFile; fileRef = 94B3741727D1426F006BAFCB /* SceneDelegate.swift */; };
		94B3741C27D163CE006BAFCB /* LoginView.swift in Sources */ = {isa = PBXBuildFile; fileRef = 94B3741B27D163CE006BAFCB /* LoginView.swift */; };
		94B3742027D18B46006BAFCB /* FriendRouteCardView.swift in Sources */ = {isa = PBXBuildFile; fileRef = 94B3741F27D18B46006BAFCB /* FriendRouteCardView.swift */; };
		94B9A57B27D191BF00C16730 /* RouteSelectView.swift in Sources */ = {isa = PBXBuildFile; fileRef = 94B9A57A27D191BF00C16730 /* RouteSelectView.swift */; };
		94B9A57D27D1928800C16730 /* RouteSelectorView.swift in Sources */ = {isa = PBXBuildFile; fileRef = 94B9A57C27D1928800C16730 /* RouteSelectorView.swift */; };
		94B9A57F27D1931900C16730 /* RoutePickerCardView.swift in Sources */ = {isa = PBXBuildFile; fileRef = 94B9A57E27D1931900C16730 /* RoutePickerCardView.swift */; };
		94B9A58127D198E900C16730 /* MapDetourView.swift in Sources */ = {isa = PBXBuildFile; fileRef = 94B9A58027D198E900C16730 /* MapDetourView.swift */; };
/* End PBXBuildFile section */

/* Begin PBXFileReference section */
		9417D4F827CEEC96005B0EC7 /* Splash.app */ = {isa = PBXFileReference; explicitFileType = wrapper.application; includeInIndex = 0; path = Splash.app; sourceTree = BUILT_PRODUCTS_DIR; };
		9417D4FB27CEEC96005B0EC7 /* SplashApp.swift */ = {isa = PBXFileReference; lastKnownFileType = sourcecode.swift; path = SplashApp.swift; sourceTree = "<group>"; };
		9417D4FD27CEEC96005B0EC7 /* ContentView.swift */ = {isa = PBXFileReference; lastKnownFileType = sourcecode.swift; path = ContentView.swift; sourceTree = "<group>"; };
		9417D4FF27CEEC98005B0EC7 /* Assets.xcassets */ = {isa = PBXFileReference; lastKnownFileType = folder.assetcatalog; path = Assets.xcassets; sourceTree = "<group>"; };
		9417D50227CEEC98005B0EC7 /* Preview Assets.xcassets */ = {isa = PBXFileReference; lastKnownFileType = folder.assetcatalog; path = "Preview Assets.xcassets"; sourceTree = "<group>"; };
		9417D50927CF14B4005B0EC7 /* RouteDetailView.swift */ = {isa = PBXFileReference; lastKnownFileType = sourcecode.swift; path = RouteDetailView.swift; sourceTree = "<group>"; };
		9417D50C27CF14CA005B0EC7 /* Model.xcdatamodel */ = {isa = PBXFileReference; lastKnownFileType = wrapper.xcdatamodel; path = Model.xcdatamodel; sourceTree = "<group>"; };
		94B373D727CFF8F3006BAFCB /* RoutesListView.swift */ = {isa = PBXFileReference; lastKnownFileType = sourcecode.swift; path = RoutesListView.swift; sourceTree = "<group>"; };
		94B373D927CFFA6D006BAFCB /* RouteEditView.swift */ = {isa = PBXFileReference; lastKnownFileType = sourcecode.swift; path = RouteEditView.swift; sourceTree = "<group>"; };
		94B373DD27CFFCC6006BAFCB /* Location+CoreDataClass.swift */ = {isa = PBXFileReference; lastKnownFileType = sourcecode.swift; path = "Location+CoreDataClass.swift"; sourceTree = "<group>"; };
		94B373DE27CFFCC6006BAFCB /* Location+CoreDataProperties.swift */ = {isa = PBXFileReference; lastKnownFileType = sourcecode.swift; path = "Location+CoreDataProperties.swift"; sourceTree = "<group>"; };
		94B373DF27CFFCC6006BAFCB /* Route+CoreDataClass.swift */ = {isa = PBXFileReference; lastKnownFileType = sourcecode.swift; path = "Route+CoreDataClass.swift"; sourceTree = "<group>"; };
		94B373E027CFFCC6006BAFCB /* Route+CoreDataProperties.swift */ = {isa = PBXFileReference; lastKnownFileType = sourcecode.swift; path = "Route+CoreDataProperties.swift"; sourceTree = "<group>"; };
		94B373E827D01620006BAFCB /* DataController.swift */ = {isa = PBXFileReference; lastKnownFileType = sourcecode.swift; name = DataController.swift; path = Models/DataController.swift; sourceTree = "<group>"; };
		94B373EA27D01AA6006BAFCB /* AutocompleteView.swift */ = {isa = PBXFileReference; lastKnownFileType = sourcecode.swift; path = AutocompleteView.swift; sourceTree = "<group>"; };
		94B373EC27D01AC9006BAFCB /* SearchResultsViewModel.swift */ = {isa = PBXFileReference; lastKnownFileType = sourcecode.swift; path = SearchResultsViewModel.swift; sourceTree = "<group>"; };
		94B373EE27D01AEA006BAFCB /* LocationViewModel.swift */ = {isa = PBXFileReference; lastKnownFileType = sourcecode.swift; path = LocationViewModel.swift; sourceTree = "<group>"; };
		94B373F027D02708006BAFCB /* LocationSearchResultView.swift */ = {isa = PBXFileReference; lastKnownFileType = sourcecode.swift; path = LocationSearchResultView.swift; sourceTree = "<group>"; };
		94B373F227D02756006BAFCB /* LocationManager.swift */ = {isa = PBXFileReference; lastKnownFileType = sourcecode.swift; path = LocationManager.swift; sourceTree = "<group>"; };
		94B373F427D0495A006BAFCB /* MapView.swift */ = {isa = PBXFileReference; lastKnownFileType = sourcecode.swift; path = MapView.swift; sourceTree = "<group>"; };
		94B373F627D094FA006BAFCB /* Info.plist */ = {isa = PBXFileReference; lastKnownFileType = text.plist; path = Info.plist; sourceTree = "<group>"; };
		94B373F727D0A174006BAFCB /* FriendsRouteView.swift */ = {isa = PBXFileReference; lastKnownFileType = sourcecode.swift; path = FriendsRouteView.swift; sourceTree = "<group>"; };
		94B373F927D0A55D006BAFCB /* RouteCompareView.swift */ = {isa = PBXFileReference; lastKnownFileType = sourcecode.swift; path = RouteCompareView.swift; sourceTree = "<group>"; };
		94B373FB27D0B3A5006BAFCB /* GoogleService-Info.plist */ = {isa = PBXFileReference; fileEncoding = 4; lastKnownFileType = text.plist.xml; path = "GoogleService-Info.plist"; sourceTree = "<group>"; };
		94B3740427D0B508006BAFCB /* ViewRouter.swift */ = {isa = PBXFileReference; lastKnownFileType = sourcecode.swift; path = ViewRouter.swift; sourceTree = "<group>"; };
		94B3740B27D0BB08006BAFCB /* FBLoginView.swift */ = {isa = PBXFileReference; lastKnownFileType = sourcecode.swift; path = FBLoginView.swift; sourceTree = "<group>"; };
		94B3741527D13FD8006BAFCB /* AppDelegate.swift */ = {isa = PBXFileReference; lastKnownFileType = sourcecode.swift; path = AppDelegate.swift; sourceTree = "<group>"; };
		94B3741727D1426F006BAFCB /* SceneDelegate.swift */ = {isa = PBXFileReference; lastKnownFileType = sourcecode.swift; path = SceneDelegate.swift; sourceTree = "<group>"; };
		94B3741B27D163CE006BAFCB /* LoginView.swift */ = {isa = PBXFileReference; lastKnownFileType = sourcecode.swift; path = LoginView.swift; sourceTree = "<group>"; };
		94B3741F27D18B46006BAFCB /* FriendRouteCardView.swift */ = {isa = PBXFileReference; lastKnownFileType = sourcecode.swift; path = FriendRouteCardView.swift; sourceTree = "<group>"; };
		94B9A57A27D191BF00C16730 /* RouteSelectView.swift */ = {isa = PBXFileReference; lastKnownFileType = sourcecode.swift; path = RouteSelectView.swift; sourceTree = "<group>"; };
		94B9A57C27D1928800C16730 /* RouteSelectorView.swift */ = {isa = PBXFileReference; lastKnownFileType = sourcecode.swift; path = RouteSelectorView.swift; sourceTree = "<group>"; };
		94B9A57E27D1931900C16730 /* RoutePickerCardView.swift */ = {isa = PBXFileReference; lastKnownFileType = sourcecode.swift; path = RoutePickerCardView.swift; sourceTree = "<group>"; };
		94B9A58027D198E900C16730 /* MapDetourView.swift */ = {isa = PBXFileReference; lastKnownFileType = sourcecode.swift; path = MapDetourView.swift; sourceTree = "<group>"; };
		94BA801D27D71B4200C18C57 /* README.md */ = {isa = PBXFileReference; lastKnownFileType = net.daringfireball.markdown; path = README.md; sourceTree = "<group>"; };
/* End PBXFileReference section */

/* Begin PBXFrameworksBuildPhase section */
		9417D4F527CEEC96005B0EC7 /* Frameworks */ = {
			isa = PBXFrameworksBuildPhase;
			buildActionMask = 2147483647;
			files = (
				94B3740F27D13877006BAFCB /* FacebookLogin in Frameworks */,
				94B3741227D13936006BAFCB /* FirebaseAuth in Frameworks */,
			);
			runOnlyForDeploymentPostprocessing = 0;
		};
/* End PBXFrameworksBuildPhase section */

/* Begin PBXGroup section */
		9417D4EF27CEEC96005B0EC7 = {
			isa = PBXGroup;
			children = (
				94BA801D27D71B4200C18C57 /* README.md */,
				9417D4FA27CEEC96005B0EC7 /* Splash */,
				9417D4F927CEEC96005B0EC7 /* Products */,
			);
			sourceTree = "<group>";
		};
		9417D4F927CEEC96005B0EC7 /* Products */ = {
			isa = PBXGroup;
			children = (
				9417D4F827CEEC96005B0EC7 /* Splash.app */,
			);
			name = Products;
			sourceTree = "<group>";
		};
		9417D4FA27CEEC96005B0EC7 /* Splash */ = {
			isa = PBXGroup;
			children = (
				94B373FB27D0B3A5006BAFCB /* GoogleService-Info.plist */,
				94B373F627D094FA006BAFCB /* Info.plist */,
				94B373E827D01620006BAFCB /* DataController.swift */,
				94B373E727CFFDF3006BAFCB /* Models */,
				9417D4FB27CEEC96005B0EC7 /* SplashApp.swift */,
				9417D4FD27CEEC96005B0EC7 /* ContentView.swift */,
				94B3741527D13FD8006BAFCB /* AppDelegate.swift */,
				94B3741727D1426F006BAFCB /* SceneDelegate.swift */,
				94B3741B27D163CE006BAFCB /* LoginView.swift */,
				94B3740B27D0BB08006BAFCB /* FBLoginView.swift */,
				94B9A58227D227B200C16730 /* FriendsView */,
				94B9A58327D227D700C16730 /* RoutesView */,
				94B3740427D0B508006BAFCB /* ViewRouter.swift */,
				9417D50B27CF14CA005B0EC7 /* Model.xcdatamodeld */,
				9417D4FF27CEEC98005B0EC7 /* Assets.xcassets */,
				9417D50127CEEC98005B0EC7 /* Preview Content */,
			);
			path = Splash;
			sourceTree = "<group>";
		};
		9417D50127CEEC98005B0EC7 /* Preview Content */ = {
			isa = PBXGroup;
			children = (
				9417D50227CEEC98005B0EC7 /* Preview Assets.xcassets */,
			);
			path = "Preview Content";
			sourceTree = "<group>";
		};
		94B373E727CFFDF3006BAFCB /* Models */ = {
			isa = PBXGroup;
			children = (
				94B373DD27CFFCC6006BAFCB /* Location+CoreDataClass.swift */,
				94B373DE27CFFCC6006BAFCB /* Location+CoreDataProperties.swift */,
				94B373DF27CFFCC6006BAFCB /* Route+CoreDataClass.swift */,
				94B373E027CFFCC6006BAFCB /* Route+CoreDataProperties.swift */,
			);
			path = Models;
			sourceTree = "<group>";
		};
		94B9A58227D227B200C16730 /* FriendsView */ = {
			isa = PBXGroup;
			children = (
				94B9A58027D198E900C16730 /* MapDetourView.swift */,
				94B3741F27D18B46006BAFCB /* FriendRouteCardView.swift */,
				94B373F727D0A174006BAFCB /* FriendsRouteView.swift */,
				94B373F927D0A55D006BAFCB /* RouteCompareView.swift */,
				94B9A57A27D191BF00C16730 /* RouteSelectView.swift */,
				94B9A57C27D1928800C16730 /* RouteSelectorView.swift */,
				94B9A57E27D1931900C16730 /* RoutePickerCardView.swift */,
			);
			path = FriendsView;
			sourceTree = "<group>";
		};
		94B9A58327D227D700C16730 /* RoutesView */ = {
			isa = PBXGroup;
			children = (
				94B373D727CFF8F3006BAFCB /* RoutesListView.swift */,
				94B373D927CFFA6D006BAFCB /* RouteEditView.swift */,
				94B373EA27D01AA6006BAFCB /* AutocompleteView.swift */,
				94B373F227D02756006BAFCB /* LocationManager.swift */,
				94B373F027D02708006BAFCB /* LocationSearchResultView.swift */,
				94B373EC27D01AC9006BAFCB /* SearchResultsViewModel.swift */,
				94B373EE27D01AEA006BAFCB /* LocationViewModel.swift */,
				9417D50927CF14B4005B0EC7 /* RouteDetailView.swift */,
				94B373F427D0495A006BAFCB /* MapView.swift */,
			);
			path = RoutesView;
			sourceTree = "<group>";
		};
/* End PBXGroup section */

/* Begin PBXNativeTarget section */
		9417D4F727CEEC96005B0EC7 /* Splash */ = {
			isa = PBXNativeTarget;
			buildConfigurationList = 9417D50627CEEC98005B0EC7 /* Build configuration list for PBXNativeTarget "Splash" */;
			buildPhases = (
				9417D4F427CEEC96005B0EC7 /* Sources */,
				9417D4F527CEEC96005B0EC7 /* Frameworks */,
				9417D4F627CEEC96005B0EC7 /* Resources */,
			);
			buildRules = (
			);
			dependencies = (
			);
			name = Splash;
			packageProductDependencies = (
				94B3740E27D13877006BAFCB /* FacebookLogin */,
				94B3741127D13936006BAFCB /* FirebaseAuth */,
			);
			productName = Splash;
			productReference = 9417D4F827CEEC96005B0EC7 /* Splash.app */;
			productType = "com.apple.product-type.application";
		};
/* End PBXNativeTarget section */

/* Begin PBXProject section */
		9417D4F027CEEC96005B0EC7 /* Project object */ = {
			isa = PBXProject;
			attributes = {
				BuildIndependentTargetsInParallel = 1;
				LastSwiftUpdateCheck = 1320;
				LastUpgradeCheck = 1320;
				TargetAttributes = {
					9417D4F727CEEC96005B0EC7 = {
						CreatedOnToolsVersion = 13.2.1;
					};
				};
			};
			buildConfigurationList = 9417D4F327CEEC96005B0EC7 /* Build configuration list for PBXProject "Splash" */;
			compatibilityVersion = "Xcode 13.0";
			developmentRegion = en;
			hasScannedForEncodings = 0;
			knownRegions = (
				en,
				Base,
			);
			mainGroup = 9417D4EF27CEEC96005B0EC7;
			packageReferences = (
				94B3740D27D13877006BAFCB /* XCRemoteSwiftPackageReference "facebook-ios-sdk" */,
				94B3741027D13936006BAFCB /* XCRemoteSwiftPackageReference "firebase-ios-sdk" */,
			);
			productRefGroup = 9417D4F927CEEC96005B0EC7 /* Products */;
			projectDirPath = "";
			projectRoot = "";
			targets = (
				9417D4F727CEEC96005B0EC7 /* Splash */,
			);
		};
/* End PBXProject section */

/* Begin PBXResourcesBuildPhase section */
		9417D4F627CEEC96005B0EC7 /* Resources */ = {
			isa = PBXResourcesBuildPhase;
			buildActionMask = 2147483647;
			files = (
				9417D50327CEEC98005B0EC7 /* Preview Assets.xcassets in Resources */,
				9417D50027CEEC98005B0EC7 /* Assets.xcassets in Resources */,
				94B373FC27D0B3A5006BAFCB /* GoogleService-Info.plist in Resources */,
			);
			runOnlyForDeploymentPostprocessing = 0;
		};
/* End PBXResourcesBuildPhase section */

/* Begin PBXSourcesBuildPhase section */
		9417D4F427CEEC96005B0EC7 /* Sources */ = {
			isa = PBXSourcesBuildPhase;
			buildActionMask = 2147483647;
			files = (
				94B9A57B27D191BF00C16730 /* RouteSelectView.swift in Sources */,
				94B373EB27D01AA6006BAFCB /* AutocompleteView.swift in Sources */,
				9417D4FE27CEEC96005B0EC7 /* ContentView.swift in Sources */,
				94B9A57D27D1928800C16730 /* RouteSelectorView.swift in Sources */,
				94B3740527D0B508006BAFCB /* ViewRouter.swift in Sources */,
				94B373DA27CFFA6D006BAFCB /* RouteEditView.swift in Sources */,
				94B9A57F27D1931900C16730 /* RoutePickerCardView.swift in Sources */,
				94B373D827CFF8F3006BAFCB /* RoutesListView.swift in Sources */,
				94B373F127D02708006BAFCB /* LocationSearchResultView.swift in Sources */,
				94B3741627D13FD8006BAFCB /* AppDelegate.swift in Sources */,
				94B373E527CFFCC6006BAFCB /* Route+CoreDataClass.swift in Sources */,
				94B3741827D1426F006BAFCB /* SceneDelegate.swift in Sources */,
				94B3741C27D163CE006BAFCB /* LoginView.swift in Sources */,
				94B373E427CFFCC6006BAFCB /* Location+CoreDataProperties.swift in Sources */,
				94B9A58127D198E900C16730 /* MapDetourView.swift in Sources */,
				94B373F327D02756006BAFCB /* LocationManager.swift in Sources */,
				94B3742027D18B46006BAFCB /* FriendRouteCardView.swift in Sources */,
				94B373EF27D01AEA006BAFCB /* LocationViewModel.swift in Sources */,
				9417D50A27CF14B4005B0EC7 /* RouteDetailView.swift in Sources */,
				94B373E627CFFCC6006BAFCB /* Route+CoreDataProperties.swift in Sources */,
				9417D4FC27CEEC96005B0EC7 /* SplashApp.swift in Sources */,
				94B3740C27D0BB08006BAFCB /* FBLoginView.swift in Sources */,
				94B373E327CFFCC6006BAFCB /* Location+CoreDataClass.swift in Sources */,
				94B373F827D0A174006BAFCB /* FriendsRouteView.swift in Sources */,
				9417D50D27CF14CA005B0EC7 /* Model.xcdatamodeld in Sources */,
				94B373F527D0495A006BAFCB /* MapView.swift in Sources */,
				94B373E927D01620006BAFCB /* DataController.swift in Sources */,
				94B373FA27D0A55D006BAFCB /* RouteCompareView.swift in Sources */,
				94B373ED27D01AC9006BAFCB /* SearchResultsViewModel.swift in Sources */,
			);
			runOnlyForDeploymentPostprocessing = 0;
		};
/* End PBXSourcesBuildPhase section */

/* Begin XCBuildConfiguration section */
		9417D50427CEEC98005B0EC7 /* Debug */ = {
			isa = XCBuildConfiguration;
			buildSettings = {
				ALWAYS_SEARCH_USER_PATHS = NO;
				CLANG_ANALYZER_NONNULL = YES;
				CLANG_ANALYZER_NUMBER_OBJECT_CONVERSION = YES_AGGRESSIVE;
				CLANG_CXX_LANGUAGE_STANDARD = "gnu++17";
				CLANG_CXX_LIBRARY = "libc++";
				CLANG_ENABLE_MODULES = YES;
				CLANG_ENABLE_OBJC_ARC = YES;
				CLANG_ENABLE_OBJC_WEAK = YES;
				CLANG_WARN_BLOCK_CAPTURE_AUTORELEASING = YES;
				CLANG_WARN_BOOL_CONVERSION = YES;
				CLANG_WARN_COMMA = YES;
				CLANG_WARN_CONSTANT_CONVERSION = YES;
				CLANG_WARN_DEPRECATED_OBJC_IMPLEMENTATIONS = YES;
				CLANG_WARN_DIRECT_OBJC_ISA_USAGE = YES_ERROR;
				CLANG_WARN_DOCUMENTATION_COMMENTS = YES;
				CLANG_WARN_EMPTY_BODY = YES;
				CLANG_WARN_ENUM_CONVERSION = YES;
				CLANG_WARN_INFINITE_RECURSION = YES;
				CLANG_WARN_INT_CONVERSION = YES;
				CLANG_WARN_NON_LITERAL_NULL_CONVERSION = YES;
				CLANG_WARN_OBJC_IMPLICIT_RETAIN_SELF = YES;
				CLANG_WARN_OBJC_LITERAL_CONVERSION = YES;
				CLANG_WARN_OBJC_ROOT_CLASS = YES_ERROR;
				CLANG_WARN_QUOTED_INCLUDE_IN_FRAMEWORK_HEADER = YES;
				CLANG_WARN_RANGE_LOOP_ANALYSIS = YES;
				CLANG_WARN_STRICT_PROTOTYPES = YES;
				CLANG_WARN_SUSPICIOUS_MOVE = YES;
				CLANG_WARN_UNGUARDED_AVAILABILITY = YES_AGGRESSIVE;
				CLANG_WARN_UNREACHABLE_CODE = YES;
				CLANG_WARN__DUPLICATE_METHOD_MATCH = YES;
				COPY_PHASE_STRIP = NO;
				DEBUG_INFORMATION_FORMAT = dwarf;
				ENABLE_STRICT_OBJC_MSGSEND = YES;
				ENABLE_TESTABILITY = YES;
				GCC_C_LANGUAGE_STANDARD = gnu11;
				GCC_DYNAMIC_NO_PIC = NO;
				GCC_NO_COMMON_BLOCKS = YES;
				GCC_OPTIMIZATION_LEVEL = 0;
				GCC_PREPROCESSOR_DEFINITIONS = (
					"DEBUG=1",
					"$(inherited)",
				);
				GCC_WARN_64_TO_32_BIT_CONVERSION = YES;
				GCC_WARN_ABOUT_RETURN_TYPE = YES_ERROR;
				GCC_WARN_UNDECLARED_SELECTOR = YES;
				GCC_WARN_UNINITIALIZED_AUTOS = YES_AGGRESSIVE;
				GCC_WARN_UNUSED_FUNCTION = YES;
				GCC_WARN_UNUSED_VARIABLE = YES;
				IPHONEOS_DEPLOYMENT_TARGET = 15.2;
				MTL_ENABLE_DEBUG_INFO = INCLUDE_SOURCE;
				MTL_FAST_MATH = YES;
				ONLY_ACTIVE_ARCH = YES;
				SDKROOT = iphoneos;
				SWIFT_ACTIVE_COMPILATION_CONDITIONS = DEBUG;
				SWIFT_OPTIMIZATION_LEVEL = "-Onone";
			};
			name = Debug;
		};
		9417D50527CEEC98005B0EC7 /* Release */ = {
			isa = XCBuildConfiguration;
			buildSettings = {
				ALWAYS_SEARCH_USER_PATHS = NO;
				CLANG_ANALYZER_NONNULL = YES;
				CLANG_ANALYZER_NUMBER_OBJECT_CONVERSION = YES_AGGRESSIVE;
				CLANG_CXX_LANGUAGE_STANDARD = "gnu++17";
				CLANG_CXX_LIBRARY = "libc++";
				CLANG_ENABLE_MODULES = YES;
				CLANG_ENABLE_OBJC_ARC = YES;
				CLANG_ENABLE_OBJC_WEAK = YES;
				CLANG_WARN_BLOCK_CAPTURE_AUTORELEASING = YES;
				CLANG_WARN_BOOL_CONVERSION = YES;
				CLANG_WARN_COMMA = YES;
				CLANG_WARN_CONSTANT_CONVERSION = YES;
				CLANG_WARN_DEPRECATED_OBJC_IMPLEMENTATIONS = YES;
				CLANG_WARN_DIRECT_OBJC_ISA_USAGE = YES_ERROR;
				CLANG_WARN_DOCUMENTATION_COMMENTS = YES;
				CLANG_WARN_EMPTY_BODY = YES;
				CLANG_WARN_ENUM_CONVERSION = YES;
				CLANG_WARN_INFINITE_RECURSION = YES;
				CLANG_WARN_INT_CONVERSION = YES;
				CLANG_WARN_NON_LITERAL_NULL_CONVERSION = YES;
				CLANG_WARN_OBJC_IMPLICIT_RETAIN_SELF = YES;
				CLANG_WARN_OBJC_LITERAL_CONVERSION = YES;
				CLANG_WARN_OBJC_ROOT_CLASS = YES_ERROR;
				CLANG_WARN_QUOTED_INCLUDE_IN_FRAMEWORK_HEADER = YES;
				CLANG_WARN_RANGE_LOOP_ANALYSIS = YES;
				CLANG_WARN_STRICT_PROTOTYPES = YES;
				CLANG_WARN_SUSPICIOUS_MOVE = YES;
				CLANG_WARN_UNGUARDED_AVAILABILITY = YES_AGGRESSIVE;
				CLANG_WARN_UNREACHABLE_CODE = YES;
				CLANG_WARN__DUPLICATE_METHOD_MATCH = YES;
				COPY_PHASE_STRIP = NO;
				DEBUG_INFORMATION_FORMAT = "dwarf-with-dsym";
				ENABLE_NS_ASSERTIONS = NO;
				ENABLE_STRICT_OBJC_MSGSEND = YES;
				GCC_C_LANGUAGE_STANDARD = gnu11;
				GCC_NO_COMMON_BLOCKS = YES;
				GCC_WARN_64_TO_32_BIT_CONVERSION = YES;
				GCC_WARN_ABOUT_RETURN_TYPE = YES_ERROR;
				GCC_WARN_UNDECLARED_SELECTOR = YES;
				GCC_WARN_UNINITIALIZED_AUTOS = YES_AGGRESSIVE;
				GCC_WARN_UNUSED_FUNCTION = YES;
				GCC_WARN_UNUSED_VARIABLE = YES;
				IPHONEOS_DEPLOYMENT_TARGET = 15.2;
				MTL_ENABLE_DEBUG_INFO = NO;
				MTL_FAST_MATH = YES;
				SDKROOT = iphoneos;
				SWIFT_COMPILATION_MODE = wholemodule;
				SWIFT_OPTIMIZATION_LEVEL = "-O";
				VALIDATE_PRODUCT = YES;
			};
			name = Release;
		};
		9417D50727CEEC98005B0EC7 /* Debug */ = {
			isa = XCBuildConfiguration;
			buildSettings = {
				ASSETCATALOG_COMPILER_APPICON_NAME = AppIcon;
				ASSETCATALOG_COMPILER_GLOBAL_ACCENT_COLOR_NAME = AccentColor;
				CODE_SIGN_STYLE = Automatic;
				CURRENT_PROJECT_VERSION = 1;
				DEVELOPMENT_ASSET_PATHS = "\"Splash/Preview Content\"";
				DEVELOPMENT_TEAM = WUQQBA6N9L;
				ENABLE_PREVIEWS = YES;
				GENERATE_INFOPLIST_FILE = YES;
				INFOPLIST_FILE = Splash/Info.plist;
				INFOPLIST_KEY_NSLocationWhenInUseUsageDescription = "This app requires your location to work.";
				INFOPLIST_KEY_UIApplicationSceneManifest_Generation = YES;
				INFOPLIST_KEY_UIApplicationSupportsIndirectInputEvents = YES;
				INFOPLIST_KEY_UILaunchScreen_Generation = YES;
				INFOPLIST_KEY_UISupportedInterfaceOrientations_iPad = "UIInterfaceOrientationPortrait UIInterfaceOrientationPortraitUpsideDown UIInterfaceOrientationLandscapeLeft UIInterfaceOrientationLandscapeRight";
				INFOPLIST_KEY_UISupportedInterfaceOrientations_iPhone = "UIInterfaceOrientationPortrait UIInterfaceOrientationLandscapeLeft UIInterfaceOrientationLandscapeRight";
				LD_RUNPATH_SEARCH_PATHS = (
					"$(inherited)",
					"@executable_path/Frameworks",
				);
				MARKETING_VERSION = 1.0;
				PRODUCT_BUNDLE_IDENTIFIER = shreeyagad.Splash;
				PRODUCT_NAME = "$(TARGET_NAME)";
				SWIFT_EMIT_LOC_STRINGS = YES;
				SWIFT_VERSION = 5.0;
				TARGETED_DEVICE_FAMILY = "1,2";
			};
			name = Debug;
		};
		9417D50827CEEC98005B0EC7 /* Release */ = {
			isa = XCBuildConfiguration;
			buildSettings = {
				ASSETCATALOG_COMPILER_APPICON_NAME = AppIcon;
				ASSETCATALOG_COMPILER_GLOBAL_ACCENT_COLOR_NAME = AccentColor;
				CODE_SIGN_STYLE = Automatic;
				CURRENT_PROJECT_VERSION = 1;
				DEVELOPMENT_ASSET_PATHS = "\"Splash/Preview Content\"";
				DEVELOPMENT_TEAM = WUQQBA6N9L;
				ENABLE_PREVIEWS = YES;
				GENERATE_INFOPLIST_FILE = YES;
				INFOPLIST_FILE = Splash/Info.plist;
				INFOPLIST_KEY_NSLocationWhenInUseUsageDescription = "This app requires your location to work.";
				INFOPLIST_KEY_UIApplicationSceneManifest_Generation = YES;
				INFOPLIST_KEY_UIApplicationSupportsIndirectInputEvents = YES;
				INFOPLIST_KEY_UILaunchScreen_Generation = YES;
				INFOPLIST_KEY_UISupportedInterfaceOrientations_iPad = "UIInterfaceOrientationPortrait UIInterfaceOrientationPortraitUpsideDown UIInterfaceOrientationLandscapeLeft UIInterfaceOrientationLandscapeRight";
				INFOPLIST_KEY_UISupportedInterfaceOrientations_iPhone = "UIInterfaceOrientationPortrait UIInterfaceOrientationLandscapeLeft UIInterfaceOrientationLandscapeRight";
				LD_RUNPATH_SEARCH_PATHS = (
					"$(inherited)",
					"@executable_path/Frameworks",
				);
				MARKETING_VERSION = 1.0;
				PRODUCT_BUNDLE_IDENTIFIER = shreeyagad.Splash;
				PRODUCT_NAME = "$(TARGET_NAME)";
				SWIFT_EMIT_LOC_STRINGS = YES;
				SWIFT_VERSION = 5.0;
				TARGETED_DEVICE_FAMILY = "1,2";
			};
			name = Release;
		};
/* End XCBuildConfiguration section */

/* Begin XCConfigurationList section */
		9417D4F327CEEC96005B0EC7 /* Build configuration list for PBXProject "Splash" */ = {
			isa = XCConfigurationList;
			buildConfigurations = (
				9417D50427CEEC98005B0EC7 /* Debug */,
				9417D50527CEEC98005B0EC7 /* Release */,
			);
			defaultConfigurationIsVisible = 0;
			defaultConfigurationName = Release;
		};
		9417D50627CEEC98005B0EC7 /* Build configuration list for PBXNativeTarget "Splash" */ = {
			isa = XCConfigurationList;
			buildConfigurations = (
				9417D50727CEEC98005B0EC7 /* Debug */,
				9417D50827CEEC98005B0EC7 /* Release */,
			);
			defaultConfigurationIsVisible = 0;
			defaultConfigurationName = Release;
		};
/* End XCConfigurationList section */

/* Begin XCRemoteSwiftPackageReference section */
		94B3740D27D13877006BAFCB /* XCRemoteSwiftPackageReference "facebook-ios-sdk" */ = {
			isa = XCRemoteSwiftPackageReference;
			repositoryURL = "https://github.com/facebook/facebook-ios-sdk";
			requirement = {
				branch = main;
				kind = branch;
			};
		};
		94B3741027D13936006BAFCB /* XCRemoteSwiftPackageReference "firebase-ios-sdk" */ = {
			isa = XCRemoteSwiftPackageReference;
			repositoryURL = "https://github.com/firebase/firebase-ios-sdk";
			requirement = {
				branch = master;
				kind = branch;
			};
		};
/* End XCRemoteSwiftPackageReference section */

/* Begin XCSwiftPackageProductDependency section */
		94B3740E27D13877006BAFCB /* FacebookLogin */ = {
			isa = XCSwiftPackageProductDependency;
			package = 94B3740D27D13877006BAFCB /* XCRemoteSwiftPackageReference "facebook-ios-sdk" */;
			productName = FacebookLogin;
		};
		94B3741127D13936006BAFCB /* FirebaseAuth */ = {
			isa = XCSwiftPackageProductDependency;
			package = 94B3741027D13936006BAFCB /* XCRemoteSwiftPackageReference "firebase-ios-sdk" */;
			productName = FirebaseAuth;
		};
/* End XCSwiftPackageProductDependency section */

/* Begin XCVersionGroup section */
		9417D50B27CF14CA005B0EC7 /* Model.xcdatamodeld */ = {
			isa = XCVersionGroup;
			children = (
				9417D50C27CF14CA005B0EC7 /* Model.xcdatamodel */,
			);
			currentVersion = 9417D50C27CF14CA005B0EC7 /* Model.xcdatamodel */;
			path = Model.xcdatamodeld;
			sourceTree = "<group>";
			versionGroupType = wrapper.xcdatamodel;
		};
/* End XCVersionGroup section */
	};
	rootObject = 9417D4F027CEEC96005B0EC7 /* Project object */;
}
